// !$*UTF8*$!
{
	archiveVersion = 1;
	classes = {
	};
	objectVersion = 56;
	objects = {

/* Begin PBXBuildFile section */
		EE0088962CC51EA100115ADD /* NetworkManager.swift in Sources */ = {isa = PBXBuildFile; fileRef = EE0088952CC51EA100115ADD /* NetworkManager.swift */; };
		EE0088992CC524B700115ADD /* FieldUI.swift in Sources */ = {isa = PBXBuildFile; fileRef = EE0088982CC524B700115ADD /* FieldUI.swift */; };
		EE00889B2CC5275800115ADD /* FieldType.swift in Sources */ = {isa = PBXBuildFile; fileRef = EE00889A2CC5275800115ADD /* FieldType.swift */; };
		EED02D882CC1850A00A2B297 /* TableViewController.swift in Sources */ = {isa = PBXBuildFile; fileRef = EED02D872CC1850A00A2B297 /* TableViewController.swift */; };
		EED02D8A2CC19C5300A2B297 /* TableView.swift in Sources */ = {isa = PBXBuildFile; fileRef = EED02D892CC19C5300A2B297 /* TableView.swift */; };
		EED02D8C2CC19D6A00A2B297 /* TableViewCell.swift in Sources */ = {isa = PBXBuildFile; fileRef = EED02D8B2CC19D6A00A2B297 /* TableViewCell.swift */; };
		EED02D922CC2981B00A2B297 /* CoreDataManager.swift in Sources */ = {isa = PBXBuildFile; fileRef = EED02D912CC2981B00A2B297 /* CoreDataManager.swift */; };
		EED02D952CC3037800A2B297 /* User+CoreDataProperties.swift in Sources */ = {isa = PBXBuildFile; fileRef = EED02D942CC3037800A2B297 /* User+CoreDataProperties.swift */; };
		EED02D972CC3038600A2B297 /* User+CoreDataClass.swift in Sources */ = {isa = PBXBuildFile; fileRef = EED02D962CC3038600A2B297 /* User+CoreDataClass.swift */; };
		EEF40F932CBD050E00C03B63 /* AppDelegate.swift in Sources */ = {isa = PBXBuildFile; fileRef = EEF40F922CBD050E00C03B63 /* AppDelegate.swift */; };
		EEF40F952CBD050E00C03B63 /* SceneDelegate.swift in Sources */ = {isa = PBXBuildFile; fileRef = EEF40F942CBD050E00C03B63 /* SceneDelegate.swift */; };
		EEF40F972CBD050E00C03B63 /* LoginViewController.swift in Sources */ = {isa = PBXBuildFile; fileRef = EEF40F962CBD050E00C03B63 /* LoginViewController.swift */; };
		EEF40F9D2CBD050E00C03B63 /* shiftlab_2024.xcdatamodeld in Sources */ = {isa = PBXBuildFile; fileRef = EEF40F9B2CBD050E00C03B63 /* shiftlab_2024.xcdatamodeld */; };
		EEF40F9F2CBD050F00C03B63 /* Assets.xcassets in Resources */ = {isa = PBXBuildFile; fileRef = EEF40F9E2CBD050F00C03B63 /* Assets.xcassets */; };
		EEF40FA22CBD050F00C03B63 /* LaunchScreen.storyboard in Resources */ = {isa = PBXBuildFile; fileRef = EEF40FA02CBD050F00C03B63 /* LaunchScreen.storyboard */; };
		EEF40FAD2CBD051000C03B63 /* shiftlab_2024Tests.swift in Sources */ = {isa = PBXBuildFile; fileRef = EEF40FAC2CBD051000C03B63 /* shiftlab_2024Tests.swift */; };
		EEF40FB72CBD051000C03B63 /* shiftlab_2024UITests.swift in Sources */ = {isa = PBXBuildFile; fileRef = EEF40FB62CBD051000C03B63 /* shiftlab_2024UITests.swift */; };
		EEF40FB92CBD051000C03B63 /* shiftlab_2024UITestsLaunchTests.swift in Sources */ = {isa = PBXBuildFile; fileRef = EEF40FB82CBD051000C03B63 /* shiftlab_2024UITestsLaunchTests.swift */; };
		EEF40FC82CBD06DB00C03B63 /* LoginView.swift in Sources */ = {isa = PBXBuildFile; fileRef = EEF40FC72CBD06DB00C03B63 /* LoginView.swift */; };
		EEF40FCA2CBD092100C03B63 /* LoginViewModel.swift in Sources */ = {isa = PBXBuildFile; fileRef = EEF40FC92CBD092100C03B63 /* LoginViewModel.swift */; };
		EEF40FCF2CC10C5600C03B63 /* Navigator.swift in Sources */ = {isa = PBXBuildFile; fileRef = EEF40FCE2CC10C5600C03B63 /* Navigator.swift */; };
		EEF40FD12CC10DA800C03B63 /* TableViewModel.swift in Sources */ = {isa = PBXBuildFile; fileRef = EEF40FD02CC10DA800C03B63 /* TableViewModel.swift */; };
		EEF40FD32CC17B9000C03B63 /* Product.swift in Sources */ = {isa = PBXBuildFile; fileRef = EEF40FD22CC17B9000C03B63 /* Product.swift */; };
/* End PBXBuildFile section */

/* Begin PBXContainerItemProxy section */
		EEF40FA92CBD051000C03B63 /* PBXContainerItemProxy */ = {
			isa = PBXContainerItemProxy;
			containerPortal = EEF40F872CBD050E00C03B63 /* Project object */;
			proxyType = 1;
			remoteGlobalIDString = EEF40F8E2CBD050E00C03B63;
			remoteInfo = "shiftlab-2024";
		};
		EEF40FB32CBD051000C03B63 /* PBXContainerItemProxy */ = {
			isa = PBXContainerItemProxy;
			containerPortal = EEF40F872CBD050E00C03B63 /* Project object */;
			proxyType = 1;
			remoteGlobalIDString = EEF40F8E2CBD050E00C03B63;
			remoteInfo = "shiftlab-2024";
		};
/* End PBXContainerItemProxy section */

/* Begin PBXFileReference section */
		EE0088952CC51EA100115ADD /* NetworkManager.swift */ = {isa = PBXFileReference; lastKnownFileType = sourcecode.swift; name = NetworkManager.swift; path = "shiftlab-2024/NetworkManager.swift"; sourceTree = SOURCE_ROOT; };
		EE0088982CC524B700115ADD /* FieldUI.swift */ = {isa = PBXFileReference; lastKnownFileType = sourcecode.swift; path = FieldUI.swift; sourceTree = "<group>"; };
		EE00889A2CC5275800115ADD /* FieldType.swift */ = {isa = PBXFileReference; lastKnownFileType = sourcecode.swift; path = FieldType.swift; sourceTree = "<group>"; };
		EED02D872CC1850A00A2B297 /* TableViewController.swift */ = {isa = PBXFileReference; fileEncoding = 4; lastKnownFileType = sourcecode.swift; path = TableViewController.swift; sourceTree = "<group>"; };
		EED02D892CC19C5300A2B297 /* TableView.swift */ = {isa = PBXFileReference; lastKnownFileType = sourcecode.swift; path = TableView.swift; sourceTree = "<group>"; };
		EED02D8B2CC19D6A00A2B297 /* TableViewCell.swift */ = {isa = PBXFileReference; lastKnownFileType = sourcecode.swift; path = TableViewCell.swift; sourceTree = "<group>"; };
		EED02D912CC2981B00A2B297 /* CoreDataManager.swift */ = {isa = PBXFileReference; lastKnownFileType = sourcecode.swift; path = CoreDataManager.swift; sourceTree = "<group>"; };
		EED02D942CC3037800A2B297 /* User+CoreDataProperties.swift */ = {isa = PBXFileReference; fileEncoding = 4; lastKnownFileType = sourcecode.swift; path = "User+CoreDataProperties.swift"; sourceTree = "<group>"; };
		EED02D962CC3038600A2B297 /* User+CoreDataClass.swift */ = {isa = PBXFileReference; fileEncoding = 4; lastKnownFileType = sourcecode.swift; path = "User+CoreDataClass.swift"; sourceTree = "<group>"; };
		EEF40F8F2CBD050E00C03B63 /* shiftlab-2024.app */ = {isa = PBXFileReference; explicitFileType = wrapper.application; includeInIndex = 0; path = "shiftlab-2024.app"; sourceTree = BUILT_PRODUCTS_DIR; };
		EEF40F922CBD050E00C03B63 /* AppDelegate.swift */ = {isa = PBXFileReference; lastKnownFileType = sourcecode.swift; path = AppDelegate.swift; sourceTree = "<group>"; };
		EEF40F942CBD050E00C03B63 /* SceneDelegate.swift */ = {isa = PBXFileReference; lastKnownFileType = sourcecode.swift; path = SceneDelegate.swift; sourceTree = "<group>"; };
		EEF40F962CBD050E00C03B63 /* LoginViewController.swift */ = {isa = PBXFileReference; lastKnownFileType = sourcecode.swift; path = LoginViewController.swift; sourceTree = "<group>"; };
		EEF40F9C2CBD050E00C03B63 /* shiftlab_2024.xcdatamodel */ = {isa = PBXFileReference; lastKnownFileType = wrapper.xcdatamodel; path = shiftlab_2024.xcdatamodel; sourceTree = "<group>"; };
		EEF40F9E2CBD050F00C03B63 /* Assets.xcassets */ = {isa = PBXFileReference; lastKnownFileType = folder.assetcatalog; path = Assets.xcassets; sourceTree = "<group>"; };
		EEF40FA12CBD050F00C03B63 /* Base */ = {isa = PBXFileReference; lastKnownFileType = file.storyboard; name = Base; path = Base.lproj/LaunchScreen.storyboard; sourceTree = "<group>"; };
		EEF40FA32CBD050F00C03B63 /* Info.plist */ = {isa = PBXFileReference; lastKnownFileType = text.plist.xml; path = Info.plist; sourceTree = "<group>"; };
		EEF40FA82CBD051000C03B63 /* shiftlab-2024Tests.xctest */ = {isa = PBXFileReference; explicitFileType = wrapper.cfbundle; includeInIndex = 0; path = "shiftlab-2024Tests.xctest"; sourceTree = BUILT_PRODUCTS_DIR; };
		EEF40FAC2CBD051000C03B63 /* shiftlab_2024Tests.swift */ = {isa = PBXFileReference; lastKnownFileType = sourcecode.swift; path = shiftlab_2024Tests.swift; sourceTree = "<group>"; };
		EEF40FB22CBD051000C03B63 /* shiftlab-2024UITests.xctest */ = {isa = PBXFileReference; explicitFileType = wrapper.cfbundle; includeInIndex = 0; path = "shiftlab-2024UITests.xctest"; sourceTree = BUILT_PRODUCTS_DIR; };
		EEF40FB62CBD051000C03B63 /* shiftlab_2024UITests.swift */ = {isa = PBXFileReference; lastKnownFileType = sourcecode.swift; path = shiftlab_2024UITests.swift; sourceTree = "<group>"; };
		EEF40FB82CBD051000C03B63 /* shiftlab_2024UITestsLaunchTests.swift */ = {isa = PBXFileReference; lastKnownFileType = sourcecode.swift; path = shiftlab_2024UITestsLaunchTests.swift; sourceTree = "<group>"; };
		EEF40FC72CBD06DB00C03B63 /* LoginView.swift */ = {isa = PBXFileReference; lastKnownFileType = sourcecode.swift; path = LoginView.swift; sourceTree = "<group>"; };
		EEF40FC92CBD092100C03B63 /* LoginViewModel.swift */ = {isa = PBXFileReference; lastKnownFileType = sourcecode.swift; path = LoginViewModel.swift; sourceTree = "<group>"; };
		EEF40FCE2CC10C5600C03B63 /* Navigator.swift */ = {isa = PBXFileReference; lastKnownFileType = sourcecode.swift; path = Navigator.swift; sourceTree = "<group>"; };
		EEF40FD02CC10DA800C03B63 /* TableViewModel.swift */ = {isa = PBXFileReference; lastKnownFileType = sourcecode.swift; path = TableViewModel.swift; sourceTree = "<group>"; };
		EEF40FD22CC17B9000C03B63 /* Product.swift */ = {isa = PBXFileReference; lastKnownFileType = sourcecode.swift; path = Product.swift; sourceTree = "<group>"; };
/* End PBXFileReference section */

/* Begin PBXFrameworksBuildPhase section */
		EEF40F8C2CBD050E00C03B63 /* Frameworks */ = {
			isa = PBXFrameworksBuildPhase;
			buildActionMask = 2147483647;
			files = (
			);
			runOnlyForDeploymentPostprocessing = 0;
		};
		EEF40FA52CBD051000C03B63 /* Frameworks */ = {
			isa = PBXFrameworksBuildPhase;
			buildActionMask = 2147483647;
			files = (
			);
			runOnlyForDeploymentPostprocessing = 0;
		};
		EEF40FAF2CBD051000C03B63 /* Frameworks */ = {
			isa = PBXFrameworksBuildPhase;
			buildActionMask = 2147483647;
			files = (
			);
			runOnlyForDeploymentPostprocessing = 0;
		};
/* End PBXFrameworksBuildPhase section */

/* Begin PBXGroup section */
		EED02D932CC3035500A2B297 /* CoreData */ = {
			isa = PBXGroup;
			children = (
				EED02D962CC3038600A2B297 /* User+CoreDataClass.swift */,
				EED02D942CC3037800A2B297 /* User+CoreDataProperties.swift */,
				EED02D912CC2981B00A2B297 /* CoreDataManager.swift */,
			);
			path = CoreData;
			sourceTree = "<group>";
		};
		EEF40F862CBD050E00C03B63 = {
			isa = PBXGroup;
			children = (
				EEF40F912CBD050E00C03B63 /* shiftlab-2024 */,
				EEF40FAB2CBD051000C03B63 /* shiftlab-2024Tests */,
				EEF40FB52CBD051000C03B63 /* shiftlab-2024UITests */,
				EEF40F902CBD050E00C03B63 /* Products */,
			);
			sourceTree = "<group>";
		};
		EEF40F902CBD050E00C03B63 /* Products */ = {
			isa = PBXGroup;
			children = (
				EEF40F8F2CBD050E00C03B63 /* shiftlab-2024.app */,
				EEF40FA82CBD051000C03B63 /* shiftlab-2024Tests.xctest */,
				EEF40FB22CBD051000C03B63 /* shiftlab-2024UITests.xctest */,
			);
			name = Products;
			sourceTree = "<group>";
		};
		EEF40F912CBD050E00C03B63 /* shiftlab-2024 */ = {
			isa = PBXGroup;
			children = (
				EEF40F922CBD050E00C03B63 /* AppDelegate.swift */,
				EEF40F942CBD050E00C03B63 /* SceneDelegate.swift */,
				EEF40FCE2CC10C5600C03B63 /* Navigator.swift */,
				EE0088952CC51EA100115ADD /* NetworkManager.swift */,
				EED02D932CC3035500A2B297 /* CoreData */,
				EEF40FD42CC17DF900C03B63 /* Entities */,
				EEF40FD52CC17E1B00C03B63 /* TableScreen */,
				EEF40FCB2CBD096E00C03B63 /* LoginScreen */,
				EEF40F9E2CBD050F00C03B63 /* Assets.xcassets */,
				EEF40FA02CBD050F00C03B63 /* LaunchScreen.storyboard */,
				EEF40FA32CBD050F00C03B63 /* Info.plist */,
				EEF40F9B2CBD050E00C03B63 /* shiftlab_2024.xcdatamodeld */,
			);
			path = "shiftlab-2024";
			sourceTree = "<group>";
		};
		EEF40FAB2CBD051000C03B63 /* shiftlab-2024Tests */ = {
			isa = PBXGroup;
			children = (
				EEF40FAC2CBD051000C03B63 /* shiftlab_2024Tests.swift */,
			);
			path = "shiftlab-2024Tests";
			sourceTree = "<group>";
		};
		EEF40FB52CBD051000C03B63 /* shiftlab-2024UITests */ = {
			isa = PBXGroup;
			children = (
				EEF40FB62CBD051000C03B63 /* shiftlab_2024UITests.swift */,
				EEF40FB82CBD051000C03B63 /* shiftlab_2024UITestsLaunchTests.swift */,
			);
			path = "shiftlab-2024UITests";
			sourceTree = "<group>";
		};
		EEF40FCB2CBD096E00C03B63 /* LoginScreen */ = {
			isa = PBXGroup;
			children = (
				EE0088982CC524B700115ADD /* FieldUI.swift */,
				EE00889A2CC5275800115ADD /* FieldType.swift */,
				EEF40FC72CBD06DB00C03B63 /* LoginView.swift */,
				EEF40F962CBD050E00C03B63 /* LoginViewController.swift */,
				EEF40FC92CBD092100C03B63 /* LoginViewModel.swift */,
			);
			path = LoginScreen;
			sourceTree = "<group>";
		};
		EEF40FD42CC17DF900C03B63 /* Entities */ = {
			isa = PBXGroup;
			children = (
				EEF40FD22CC17B9000C03B63 /* Product.swift */,
			);
			path = Entities;
			sourceTree = "<group>";
		};
		EEF40FD52CC17E1B00C03B63 /* TableScreen */ = {
			isa = PBXGroup;
			children = (
				EEF40FD02CC10DA800C03B63 /* TableViewModel.swift */,
				EED02D872CC1850A00A2B297 /* TableViewController.swift */,
				EED02D892CC19C5300A2B297 /* TableView.swift */,
				EED02D8B2CC19D6A00A2B297 /* TableViewCell.swift */,
			);
			path = TableScreen;
			sourceTree = "<group>";
		};
/* End PBXGroup section */

/* Begin PBXNativeTarget section */
		EEF40F8E2CBD050E00C03B63 /* shiftlab-2024 */ = {
			isa = PBXNativeTarget;
			buildConfigurationList = EEF40FBC2CBD051000C03B63 /* Build configuration list for PBXNativeTarget "shiftlab-2024" */;
			buildPhases = (
				EEF40F8B2CBD050E00C03B63 /* Sources */,
				EEF40F8C2CBD050E00C03B63 /* Frameworks */,
				EEF40F8D2CBD050E00C03B63 /* Resources */,
			);
			buildRules = (
			);
			dependencies = (
			);
			name = "shiftlab-2024";
			productName = "shiftlab-2024";
			productReference = EEF40F8F2CBD050E00C03B63 /* shiftlab-2024.app */;
			productType = "com.apple.product-type.application";
		};
		EEF40FA72CBD051000C03B63 /* shiftlab-2024Tests */ = {
			isa = PBXNativeTarget;
			buildConfigurationList = EEF40FBF2CBD051000C03B63 /* Build configuration list for PBXNativeTarget "shiftlab-2024Tests" */;
			buildPhases = (
				EEF40FA42CBD051000C03B63 /* Sources */,
				EEF40FA52CBD051000C03B63 /* Frameworks */,
				EEF40FA62CBD051000C03B63 /* Resources */,
			);
			buildRules = (
			);
			dependencies = (
				EEF40FAA2CBD051000C03B63 /* PBXTargetDependency */,
			);
			name = "shiftlab-2024Tests";
			productName = "shiftlab-2024Tests";
			productReference = EEF40FA82CBD051000C03B63 /* shiftlab-2024Tests.xctest */;
			productType = "com.apple.product-type.bundle.unit-test";
		};
		EEF40FB12CBD051000C03B63 /* shiftlab-2024UITests */ = {
			isa = PBXNativeTarget;
			buildConfigurationList = EEF40FC22CBD051000C03B63 /* Build configuration list for PBXNativeTarget "shiftlab-2024UITests" */;
			buildPhases = (
				EEF40FAE2CBD051000C03B63 /* Sources */,
				EEF40FAF2CBD051000C03B63 /* Frameworks */,
				EEF40FB02CBD051000C03B63 /* Resources */,
			);
			buildRules = (
			);
			dependencies = (
				EEF40FB42CBD051000C03B63 /* PBXTargetDependency */,
			);
			name = "shiftlab-2024UITests";
			productName = "shiftlab-2024UITests";
			productReference = EEF40FB22CBD051000C03B63 /* shiftlab-2024UITests.xctest */;
			productType = "com.apple.product-type.bundle.ui-testing";
		};
/* End PBXNativeTarget section */

/* Begin PBXProject section */
		EEF40F872CBD050E00C03B63 /* Project object */ = {
			isa = PBXProject;
			attributes = {
				BuildIndependentTargetsInParallel = 1;
				LastSwiftUpdateCheck = 1500;
				LastUpgradeCheck = 1500;
				TargetAttributes = {
					EEF40F8E2CBD050E00C03B63 = {
						CreatedOnToolsVersion = 15.0.1;
					};
					EEF40FA72CBD051000C03B63 = {
						CreatedOnToolsVersion = 15.0.1;
						TestTargetID = EEF40F8E2CBD050E00C03B63;
					};
					EEF40FB12CBD051000C03B63 = {
						CreatedOnToolsVersion = 15.0.1;
						TestTargetID = EEF40F8E2CBD050E00C03B63;
					};
				};
			};
			buildConfigurationList = EEF40F8A2CBD050E00C03B63 /* Build configuration list for PBXProject "shiftlab-2024" */;
			compatibilityVersion = "Xcode 14.0";
			developmentRegion = en;
			hasScannedForEncodings = 0;
			knownRegions = (
				en,
				Base,
			);
			mainGroup = EEF40F862CBD050E00C03B63;
			productRefGroup = EEF40F902CBD050E00C03B63 /* Products */;
			projectDirPath = "";
			projectRoot = "";
			targets = (
				EEF40F8E2CBD050E00C03B63 /* shiftlab-2024 */,
				EEF40FA72CBD051000C03B63 /* shiftlab-2024Tests */,
				EEF40FB12CBD051000C03B63 /* shiftlab-2024UITests */,
			);
		};
/* End PBXProject section */

/* Begin PBXResourcesBuildPhase section */
		EEF40F8D2CBD050E00C03B63 /* Resources */ = {
			isa = PBXResourcesBuildPhase;
			buildActionMask = 2147483647;
			files = (
				EEF40FA22CBD050F00C03B63 /* LaunchScreen.storyboard in Resources */,
				EEF40F9F2CBD050F00C03B63 /* Assets.xcassets in Resources */,
			);
			runOnlyForDeploymentPostprocessing = 0;
		};
		EEF40FA62CBD051000C03B63 /* Resources */ = {
			isa = PBXResourcesBuildPhase;
			buildActionMask = 2147483647;
			files = (
			);
			runOnlyForDeploymentPostprocessing = 0;
		};
		EEF40FB02CBD051000C03B63 /* Resources */ = {
			isa = PBXResourcesBuildPhase;
			buildActionMask = 2147483647;
			files = (
			);
			runOnlyForDeploymentPostprocessing = 0;
		};
/* End PBXResourcesBuildPhase section */

/* Begin PBXSourcesBuildPhase section */
		EEF40F8B2CBD050E00C03B63 /* Sources */ = {
			isa = PBXSourcesBuildPhase;
			buildActionMask = 2147483647;
			files = (
				EED02D8C2CC19D6A00A2B297 /* TableViewCell.swift in Sources */,
				EEF40FC82CBD06DB00C03B63 /* LoginView.swift in Sources */,
				EED02D952CC3037800A2B297 /* User+CoreDataProperties.swift in Sources */,
				EED02D8A2CC19C5300A2B297 /* TableView.swift in Sources */,
				EE0088962CC51EA100115ADD /* NetworkManager.swift in Sources */,
				EE0088992CC524B700115ADD /* FieldUI.swift in Sources */,
				EEF40F972CBD050E00C03B63 /* LoginViewController.swift in Sources */,
				EEF40FCF2CC10C5600C03B63 /* Navigator.swift in Sources */,
				EEF40F932CBD050E00C03B63 /* AppDelegate.swift in Sources */,
				EED02D972CC3038600A2B297 /* User+CoreDataClass.swift in Sources */,
				EEF40FD32CC17B9000C03B63 /* Product.swift in Sources */,
				EEF40F9D2CBD050E00C03B63 /* shiftlab_2024.xcdatamodeld in Sources */,
				EED02D882CC1850A00A2B297 /* TableViewController.swift in Sources */,
				EEF40FD12CC10DA800C03B63 /* TableViewModel.swift in Sources */,
				EED02D922CC2981B00A2B297 /* CoreDataManager.swift in Sources */,
				EEF40F952CBD050E00C03B63 /* SceneDelegate.swift in Sources */,
				EE00889B2CC5275800115ADD /* FieldType.swift in Sources */,
				EEF40FCA2CBD092100C03B63 /* LoginViewModel.swift in Sources */,
			);
			runOnlyForDeploymentPostprocessing = 0;
		};
		EEF40FA42CBD051000C03B63 /* Sources */ = {
			isa = PBXSourcesBuildPhase;
			buildActionMask = 2147483647;
			files = (
				EEF40FAD2CBD051000C03B63 /* shiftlab_2024Tests.swift in Sources */,
			);
			runOnlyForDeploymentPostprocessing = 0;
		};
		EEF40FAE2CBD051000C03B63 /* Sources */ = {
			isa = PBXSourcesBuildPhase;
			buildActionMask = 2147483647;
			files = (
				EEF40FB72CBD051000C03B63 /* shiftlab_2024UITests.swift in Sources */,
				EEF40FB92CBD051000C03B63 /* shiftlab_2024UITestsLaunchTests.swift in Sources */,
			);
			runOnlyForDeploymentPostprocessing = 0;
		};
/* End PBXSourcesBuildPhase section */

/* Begin PBXTargetDependency section */
		EEF40FAA2CBD051000C03B63 /* PBXTargetDependency */ = {
			isa = PBXTargetDependency;
			target = EEF40F8E2CBD050E00C03B63 /* shiftlab-2024 */;
			targetProxy = EEF40FA92CBD051000C03B63 /* PBXContainerItemProxy */;
		};
		EEF40FB42CBD051000C03B63 /* PBXTargetDependency */ = {
			isa = PBXTargetDependency;
			target = EEF40F8E2CBD050E00C03B63 /* shiftlab-2024 */;
			targetProxy = EEF40FB32CBD051000C03B63 /* PBXContainerItemProxy */;
		};
/* End PBXTargetDependency section */

/* Begin PBXVariantGroup section */
		EEF40FA02CBD050F00C03B63 /* LaunchScreen.storyboard */ = {
			isa = PBXVariantGroup;
			children = (
				EEF40FA12CBD050F00C03B63 /* Base */,
			);
			name = LaunchScreen.storyboard;
			sourceTree = "<group>";
		};
/* End PBXVariantGroup section */

/* Begin XCBuildConfiguration section */
		EEF40FBA2CBD051000C03B63 /* Debug */ = {
			isa = XCBuildConfiguration;
			buildSettings = {
				ALWAYS_SEARCH_USER_PATHS = NO;
				ASSETCATALOG_COMPILER_GENERATE_SWIFT_ASSET_SYMBOL_EXTENSIONS = YES;
				CLANG_ANALYZER_NONNULL = YES;
				CLANG_ANALYZER_NUMBER_OBJECT_CONVERSION = YES_AGGRESSIVE;
				CLANG_CXX_LANGUAGE_STANDARD = "gnu++20";
				CLANG_ENABLE_MODULES = YES;
				CLANG_ENABLE_OBJC_ARC = YES;
				CLANG_ENABLE_OBJC_WEAK = YES;
				CLANG_WARN_BLOCK_CAPTURE_AUTORELEASING = YES;
				CLANG_WARN_BOOL_CONVERSION = YES;
				CLANG_WARN_COMMA = YES;
				CLANG_WARN_CONSTANT_CONVERSION = YES;
				CLANG_WARN_DEPRECATED_OBJC_IMPLEMENTATIONS = YES;
				CLANG_WARN_DIRECT_OBJC_ISA_USAGE = YES_ERROR;
				CLANG_WARN_DOCUMENTATION_COMMENTS = YES;
				CLANG_WARN_EMPTY_BODY = YES;
				CLANG_WARN_ENUM_CONVERSION = YES;
				CLANG_WARN_INFINITE_RECURSION = YES;
				CLANG_WARN_INT_CONVERSION = YES;
				CLANG_WARN_NON_LITERAL_NULL_CONVERSION = YES;
				CLANG_WARN_OBJC_IMPLICIT_RETAIN_SELF = YES;
				CLANG_WARN_OBJC_LITERAL_CONVERSION = YES;
				CLANG_WARN_OBJC_ROOT_CLASS = YES_ERROR;
				CLANG_WARN_QUOTED_INCLUDE_IN_FRAMEWORK_HEADER = YES;
				CLANG_WARN_RANGE_LOOP_ANALYSIS = YES;
				CLANG_WARN_STRICT_PROTOTYPES = YES;
				CLANG_WARN_SUSPICIOUS_MOVE = YES;
				CLANG_WARN_UNGUARDED_AVAILABILITY = YES_AGGRESSIVE;
				CLANG_WARN_UNREACHABLE_CODE = YES;
				CLANG_WARN__DUPLICATE_METHOD_MATCH = YES;
				COPY_PHASE_STRIP = NO;
				DEBUG_INFORMATION_FORMAT = dwarf;
				ENABLE_STRICT_OBJC_MSGSEND = YES;
				ENABLE_TESTABILITY = YES;
				ENABLE_USER_SCRIPT_SANDBOXING = YES;
				GCC_C_LANGUAGE_STANDARD = gnu17;
				GCC_DYNAMIC_NO_PIC = NO;
				GCC_NO_COMMON_BLOCKS = YES;
				GCC_OPTIMIZATION_LEVEL = 0;
				GCC_PREPROCESSOR_DEFINITIONS = (
					"DEBUG=1",
					"$(inherited)",
				);
				GCC_WARN_64_TO_32_BIT_CONVERSION = YES;
				GCC_WARN_ABOUT_RETURN_TYPE = YES_ERROR;
				GCC_WARN_UNDECLARED_SELECTOR = YES;
				GCC_WARN_UNINITIALIZED_AUTOS = YES_AGGRESSIVE;
				GCC_WARN_UNUSED_FUNCTION = YES;
				GCC_WARN_UNUSED_VARIABLE = YES;
				IPHONEOS_DEPLOYMENT_TARGET = 17.0;
				LOCALIZATION_PREFERS_STRING_CATALOGS = YES;
				MTL_ENABLE_DEBUG_INFO = INCLUDE_SOURCE;
				MTL_FAST_MATH = YES;
				ONLY_ACTIVE_ARCH = YES;
				SDKROOT = iphoneos;
				SWIFT_ACTIVE_COMPILATION_CONDITIONS = "DEBUG $(inherited)";
				SWIFT_OPTIMIZATION_LEVEL = "-Onone";
			};
			name = Debug;
		};
		EEF40FBB2CBD051000C03B63 /* Release */ = {
			isa = XCBuildConfiguration;
			buildSettings = {
				ALWAYS_SEARCH_USER_PATHS = NO;
				ASSETCATALOG_COMPILER_GENERATE_SWIFT_ASSET_SYMBOL_EXTENSIONS = YES;
				CLANG_ANALYZER_NONNULL = YES;
				CLANG_ANALYZER_NUMBER_OBJECT_CONVERSION = YES_AGGRESSIVE;
				CLANG_CXX_LANGUAGE_STANDARD = "gnu++20";
				CLANG_ENABLE_MODULES = YES;
				CLANG_ENABLE_OBJC_ARC = YES;
				CLANG_ENABLE_OBJC_WEAK = YES;
				CLANG_WARN_BLOCK_CAPTURE_AUTORELEASING = YES;
				CLANG_WARN_BOOL_CONVERSION = YES;
				CLANG_WARN_COMMA = YES;
				CLANG_WARN_CONSTANT_CONVERSION = YES;
				CLANG_WARN_DEPRECATED_OBJC_IMPLEMENTATIONS = YES;
				CLANG_WARN_DIRECT_OBJC_ISA_USAGE = YES_ERROR;
				CLANG_WARN_DOCUMENTATION_COMMENTS = YES;
				CLANG_WARN_EMPTY_BODY = YES;
				CLANG_WARN_ENUM_CONVERSION = YES;
				CLANG_WARN_INFINITE_RECURSION = YES;
				CLANG_WARN_INT_CONVERSION = YES;
				CLANG_WARN_NON_LITERAL_NULL_CONVERSION = YES;
				CLANG_WARN_OBJC_IMPLICIT_RETAIN_SELF = YES;
				CLANG_WARN_OBJC_LITERAL_CONVERSION = YES;
				CLANG_WARN_OBJC_ROOT_CLASS = YES_ERROR;
				CLANG_WARN_QUOTED_INCLUDE_IN_FRAMEWORK_HEADER = YES;
				CLANG_WARN_RANGE_LOOP_ANALYSIS = YES;
				CLANG_WARN_STRICT_PROTOTYPES = YES;
				CLANG_WARN_SUSPICIOUS_MOVE = YES;
				CLANG_WARN_UNGUARDED_AVAILABILITY = YES_AGGRESSIVE;
				CLANG_WARN_UNREACHABLE_CODE = YES;
				CLANG_WARN__DUPLICATE_METHOD_MATCH = YES;
				COPY_PHASE_STRIP = NO;
				DEBUG_INFORMATION_FORMAT = "dwarf-with-dsym";
				ENABLE_NS_ASSERTIONS = NO;
				ENABLE_STRICT_OBJC_MSGSEND = YES;
				ENABLE_USER_SCRIPT_SANDBOXING = YES;
				GCC_C_LANGUAGE_STANDARD = gnu17;
				GCC_NO_COMMON_BLOCKS = YES;
				GCC_WARN_64_TO_32_BIT_CONVERSION = YES;
				GCC_WARN_ABOUT_RETURN_TYPE = YES_ERROR;
				GCC_WARN_UNDECLARED_SELECTOR = YES;
				GCC_WARN_UNINITIALIZED_AUTOS = YES_AGGRESSIVE;
				GCC_WARN_UNUSED_FUNCTION = YES;
				GCC_WARN_UNUSED_VARIABLE = YES;
				IPHONEOS_DEPLOYMENT_TARGET = 17.0;
				LOCALIZATION_PREFERS_STRING_CATALOGS = YES;
				MTL_ENABLE_DEBUG_INFO = NO;
				MTL_FAST_MATH = YES;
				SDKROOT = iphoneos;
				SWIFT_COMPILATION_MODE = wholemodule;
				VALIDATE_PRODUCT = YES;
			};
			name = Release;
		};
		EEF40FBD2CBD051000C03B63 /* Debug */ = {
			isa = XCBuildConfiguration;
			buildSettings = {
				ASSETCATALOG_COMPILER_APPICON_NAME = AppIcon;
				ASSETCATALOG_COMPILER_GLOBAL_ACCENT_COLOR_NAME = AccentColor;
				CODE_SIGN_STYLE = Automatic;
				CURRENT_PROJECT_VERSION = 1;
				DEVELOPMENT_TEAM = 2P6B4CZ7BR;
				GENERATE_INFOPLIST_FILE = YES;
				INFOPLIST_FILE = "shiftlab-2024/Info.plist";
				INFOPLIST_KEY_UIApplicationSupportsIndirectInputEvents = YES;
				INFOPLIST_KEY_UILaunchStoryboardName = LaunchScreen;
				INFOPLIST_KEY_UISupportedInterfaceOrientations = UIInterfaceOrientationPortrait;
				INFOPLIST_KEY_UISupportedInterfaceOrientations_iPad = "UIInterfaceOrientationLandscapeLeft UIInterfaceOrientationLandscapeRight UIInterfaceOrientationPortrait UIInterfaceOrientationPortraitUpsideDown";
				LD_RUNPATH_SEARCH_PATHS = (
					"$(inherited)",
					"@executable_path/Frameworks",
				);
				MARKETING_VERSION = 1.0;
				PRODUCT_BUNDLE_IDENTIFIER = "com.shiftlab-2024";
				PRODUCT_NAME = "$(TARGET_NAME)";
				SWIFT_EMIT_LOC_STRINGS = YES;
				SWIFT_VERSION = 5.0;
				TARGETED_DEVICE_FAMILY = "1,2";
			};
			name = Debug;
		};
		EEF40FBE2CBD051000C03B63 /* Release */ = {
			isa = XCBuildConfiguration;
			buildSettings = {
				ASSETCATALOG_COMPILER_APPICON_NAME = AppIcon;
				ASSETCATALOG_COMPILER_GLOBAL_ACCENT_COLOR_NAME = AccentColor;
				CODE_SIGN_STYLE = Automatic;
				CURRENT_PROJECT_VERSION = 1;
				DEVELOPMENT_TEAM = 2P6B4CZ7BR;
				GENERATE_INFOPLIST_FILE = YES;
				INFOPLIST_FILE = "shiftlab-2024/Info.plist";
				INFOPLIST_KEY_UIApplicationSupportsIndirectInputEvents = YES;
				INFOPLIST_KEY_UILaunchStoryboardName = LaunchScreen;
				INFOPLIST_KEY_UISupportedInterfaceOrientations = UIInterfaceOrientationPortrait;
				INFOPLIST_KEY_UISupportedInterfaceOrientations_iPad = "UIInterfaceOrientationLandscapeLeft UIInterfaceOrientationLandscapeRight UIInterfaceOrientationPortrait UIInterfaceOrientationPortraitUpsideDown";
				LD_RUNPATH_SEARCH_PATHS = (
					"$(inherited)",
					"@executable_path/Frameworks",
				);
				MARKETING_VERSION = 1.0;
				PRODUCT_BUNDLE_IDENTIFIER = "com.shiftlab-2024";
				PRODUCT_NAME = "$(TARGET_NAME)";
				SWIFT_EMIT_LOC_STRINGS = YES;
				SWIFT_VERSION = 5.0;
				TARGETED_DEVICE_FAMILY = "1,2";
			};
			name = Release;
		};
		EEF40FC02CBD051000C03B63 /* Debug */ = {
			isa = XCBuildConfiguration;
			buildSettings = {
				ALWAYS_EMBED_SWIFT_STANDARD_LIBRARIES = YES;
				BUNDLE_LOADER = "$(TEST_HOST)";
				CODE_SIGN_STYLE = Automatic;
				CURRENT_PROJECT_VERSION = 1;
				DEVELOPMENT_TEAM = 2P6B4CZ7BR;
				GENERATE_INFOPLIST_FILE = YES;
				IPHONEOS_DEPLOYMENT_TARGET = 17.0;
				MARKETING_VERSION = 1.0;
				PRODUCT_BUNDLE_IDENTIFIER = "com.shiftlab-2024Tests";
				PRODUCT_NAME = "$(TARGET_NAME)";
				SWIFT_EMIT_LOC_STRINGS = NO;
				SWIFT_VERSION = 5.0;
				TARGETED_DEVICE_FAMILY = "1,2";
				TEST_HOST = "$(BUILT_PRODUCTS_DIR)/shiftlab-2024.app/$(BUNDLE_EXECUTABLE_FOLDER_PATH)/shiftlab-2024";
			};
			name = Debug;
		};
		EEF40FC12CBD051000C03B63 /* Release */ = {
			isa = XCBuildConfiguration;
			buildSettings = {
				ALWAYS_EMBED_SWIFT_STANDARD_LIBRARIES = YES;
				BUNDLE_LOADER = "$(TEST_HOST)";
				CODE_SIGN_STYLE = Automatic;
				CURRENT_PROJECT_VERSION = 1;
				DEVELOPMENT_TEAM = 2P6B4CZ7BR;
				GENERATE_INFOPLIST_FILE = YES;
				IPHONEOS_DEPLOYMENT_TARGET = 17.0;
				MARKETING_VERSION = 1.0;
				PRODUCT_BUNDLE_IDENTIFIER = "com.shiftlab-2024Tests";
				PRODUCT_NAME = "$(TARGET_NAME)";
				SWIFT_EMIT_LOC_STRINGS = NO;
				SWIFT_VERSION = 5.0;
				TARGETED_DEVICE_FAMILY = "1,2";
				TEST_HOST = "$(BUILT_PRODUCTS_DIR)/shiftlab-2024.app/$(BUNDLE_EXECUTABLE_FOLDER_PATH)/shiftlab-2024";
			};
			name = Release;
		};
		EEF40FC32CBD051000C03B63 /* Debug */ = {
			isa = XCBuildConfiguration;
			buildSettings = {
				ALWAYS_EMBED_SWIFT_STANDARD_LIBRARIES = YES;
				CODE_SIGN_STYLE = Automatic;
				CURRENT_PROJECT_VERSION = 1;
				DEVELOPMENT_TEAM = 2P6B4CZ7BR;
				GENERATE_INFOPLIST_FILE = YES;
				MARKETING_VERSION = 1.0;
				PRODUCT_BUNDLE_IDENTIFIER = "com.shiftlab-2024UITests";
				PRODUCT_NAME = "$(TARGET_NAME)";
				SWIFT_EMIT_LOC_STRINGS = NO;
				SWIFT_VERSION = 5.0;
				TARGETED_DEVICE_FAMILY = "1,2";
				TEST_TARGET_NAME = "shiftlab-2024";
			};
			name = Debug;
		};
		EEF40FC42CBD051000C03B63 /* Release */ = {
			isa = XCBuildConfiguration;
			buildSettings = {
				ALWAYS_EMBED_SWIFT_STANDARD_LIBRARIES = YES;
				CODE_SIGN_STYLE = Automatic;
				CURRENT_PROJECT_VERSION = 1;
				DEVELOPMENT_TEAM = 2P6B4CZ7BR;
				GENERATE_INFOPLIST_FILE = YES;
				MARKETING_VERSION = 1.0;
				PRODUCT_BUNDLE_IDENTIFIER = "com.shiftlab-2024UITests";
				PRODUCT_NAME = "$(TARGET_NAME)";
				SWIFT_EMIT_LOC_STRINGS = NO;
				SWIFT_VERSION = 5.0;
				TARGETED_DEVICE_FAMILY = "1,2";
				TEST_TARGET_NAME = "shiftlab-2024";
			};
			name = Release;
		};
/* End XCBuildConfiguration section */

/* Begin XCConfigurationList section */
		EEF40F8A2CBD050E00C03B63 /* Build configuration list for PBXProject "shiftlab-2024" */ = {
			isa = XCConfigurationList;
			buildConfigurations = (
				EEF40FBA2CBD051000C03B63 /* Debug */,
				EEF40FBB2CBD051000C03B63 /* Release */,
			);
			defaultConfigurationIsVisible = 0;
			defaultConfigurationName = Release;
		};
		EEF40FBC2CBD051000C03B63 /* Build configuration list for PBXNativeTarget "shiftlab-2024" */ = {
			isa = XCConfigurationList;
			buildConfigurations = (
				EEF40FBD2CBD051000C03B63 /* Debug */,
				EEF40FBE2CBD051000C03B63 /* Release */,
			);
			defaultConfigurationIsVisible = 0;
			defaultConfigurationName = Release;
		};
		EEF40FBF2CBD051000C03B63 /* Build configuration list for PBXNativeTarget "shiftlab-2024Tests" */ = {
			isa = XCConfigurationList;
			buildConfigurations = (
				EEF40FC02CBD051000C03B63 /* Debug */,
				EEF40FC12CBD051000C03B63 /* Release */,
			);
			defaultConfigurationIsVisible = 0;
			defaultConfigurationName = Release;
		};
		EEF40FC22CBD051000C03B63 /* Build configuration list for PBXNativeTarget "shiftlab-2024UITests" */ = {
			isa = XCConfigurationList;
			buildConfigurations = (
				EEF40FC32CBD051000C03B63 /* Debug */,
				EEF40FC42CBD051000C03B63 /* Release */,
			);
			defaultConfigurationIsVisible = 0;
			defaultConfigurationName = Release;
		};
/* End XCConfigurationList section */

/* Begin XCVersionGroup section */
		EEF40F9B2CBD050E00C03B63 /* shiftlab_2024.xcdatamodeld */ = {
			isa = XCVersionGroup;
			children = (
				EEF40F9C2CBD050E00C03B63 /* shiftlab_2024.xcdatamodel */,
			);
			currentVersion = EEF40F9C2CBD050E00C03B63 /* shiftlab_2024.xcdatamodel */;
			path = shiftlab_2024.xcdatamodeld;
			sourceTree = "<group>";
			versionGroupType = wrapper.xcdatamodel;
		};
/* End XCVersionGroup section */
	};
	rootObject = EEF40F872CBD050E00C03B63 /* Project object */;
}
